
Microsoft Visual Studio Solution File, Format Version 12.00
# Visual Studio Version 17
VisualStudioVersion = 17.4.33213.308
MinimumVisualStudioVersion = 10.0.40219.1
Project("{9A19103F-16F7-4668-BE54-9A1E7A4F7556}") = "UniversityMgmtSystemClientConsuming", "UniversityMgmtSystem\UniversityMgmtSystemClientConsuming.csproj", "{8640E1E9-AA32-4046-B4CC-1E20D3173CE2}"
EndProject
Project("{9A19103F-16F7-4668-BE54-9A1E7A4F7556}") = "UniversityMgmtSystemServerApi", "..\api-server\UniversityMgmtSystem\UniversityMgmtSystemServerApi.csproj", "{C1FA3D2C-C0BD-4ED7-A99D-E4F6C4DD72D7}"
EndProject
Project("{9A19103F-16F7-4668-BE54-9A1E7A4F7556}") = "XUnitTestClientConsuming", "..\xunit\XUnitTestClientConsuming\XUnitTestClientConsuming.csproj", "{979641BB-6444-4032-9619-36C0A2F924CC}"
EndProject
Global
	GlobalSection(SolutionConfigurationPlatforms) = preSolution
		Debug|Any CPU = Debug|Any CPU
		Release|Any CPU = Release|Any CPU
	EndGlobalSection
	GlobalSection(ProjectConfigurationPlatforms) = postSolution
		{8640E1E9-AA32-4046-B4CC-1E20D3173CE2}.Debug|Any CPU.ActiveCfg = Debug|Any CPU
		{8640E1E9-AA32-4046-B4CC-1E20D3173CE2}.Debug|Any CPU.Build.0 = Debug|Any CPU
		{8640E1E9-AA32-4046-B4CC-1E20D3173CE2}.Release|Any CPU.ActiveCfg = Release|Any CPU
		{8640E1E9-AA32-4046-B4CC-1E20D3173CE2}.Release|Any CPU.Build.0 = Release|Any CPU
		{C1FA3D2C-C0BD-4ED7-A99D-E4F6C4DD72D7}.Debug|Any CPU.ActiveCfg = Debug|Any CPU
		{C1FA3D2C-C0BD-4ED7-A99D-E4F6C4DD72D7}.Debug|Any CPU.Build.0 = Debug|Any CPU
		{C1FA3D2C-C0BD-4ED7-A99D-E4F6C4DD72D7}.Release|Any CPU.ActiveCfg = Release|Any CPU
		{C1FA3D2C-C0BD-4ED7-A99D-E4F6C4DD72D7}.Release|Any CPU.Build.0 = Release|Any CPU
		{979641BB-6444-4032-9619-36C0A2F924CC}.Debug|Any CPU.ActiveCfg = Debug|Any CPU
		{979641BB-6444-4032-9619-36C0A2F924CC}.Debug|Any CPU.Build.0 = Debug|Any CPU
		{979641BB-6444-4032-9619-36C0A2F924CC}.Release|Any CPU.ActiveCfg = Release|Any CPU
		{979641BB-6444-4032-9619-36C0A2F924CC}.Release|Any CPU.Build.0 = Release|Any CPU
	EndGlobalSection
	GlobalSection(SolutionProperties) = preSolution
		HideSolutionNode = FALSE
	EndGlobalSection
	GlobalSection(ExtensibilityGlobals) = postSolution
		SolutionGuid = {99894CEB-1EC9-4143-8B57-9B1C13E7AE06}
	EndGlobalSection
EndGlobal
