
Microsoft Visual Studio Solution File, Format Version 12.00
# Visual Studio Version 17
VisualStudioVersion = 17.4.33213.308
MinimumVisualStudioVersion = 10.0.40219.1
Project("{FAE04EC0-301F-11D3-BF4B-00C04F79EFBC}") = "UniversityMgmtSystem", "UniversityMgmtSystem\UniversityMgmtSystem.csproj", "{75C24028-85E6-4B2F-8CAE-F573A67BF057}"
EndProject
Project("{9A19103F-16F7-4668-BE54-9A1E7A4F7556}") = "UniversityMgmtSystemServerApi", "..\..\..\test project\UniversityMgmtSystemServerApi\UniversityMgmtSystem\UniversityMgmtSystemServerApi.csproj", "{434D7DE1-EF8E-4B60-B3AF-105388B6237D}"
EndProject
Project("{9A19103F-16F7-4668-BE54-9A1E7A4F7556}") = "UniversityMgmtSystemClientConsuming", "..\..\..\test project\UniversityMgmtSystemClientConsuming\UniversityMgmtSystem\UniversityMgmtSystemClientConsuming.csproj", "{55D7BBCB-71F6-43FA-9CBE-2A288000DC74}"
EndProject
Global
	GlobalSection(SolutionConfigurationPlatforms) = preSolution
		Debug|Any CPU = Debug|Any CPU
		Release|Any CPU = Release|Any CPU
	EndGlobalSection
	GlobalSection(ProjectConfigurationPlatforms) = postSolution
		{75C24028-85E6-4B2F-8CAE-F573A67BF057}.Debug|Any CPU.ActiveCfg = Debug|Any CPU
		{75C24028-85E6-4B2F-8CAE-F573A67BF057}.Debug|Any CPU.Build.0 = Debug|Any CPU
		{75C24028-85E6-4B2F-8CAE-F573A67BF057}.Release|Any CPU.ActiveCfg = Release|Any CPU
		{75C24028-85E6-4B2F-8CAE-F573A67BF057}.Release|Any CPU.Build.0 = Release|Any CPU
		{434D7DE1-EF8E-4B60-B3AF-105388B6237D}.Debug|Any CPU.ActiveCfg = Debug|Any CPU
		{434D7DE1-EF8E-4B60-B3AF-105388B6237D}.Debug|Any CPU.Build.0 = Debug|Any CPU
		{434D7DE1-EF8E-4B60-B3AF-105388B6237D}.Release|Any CPU.ActiveCfg = Release|Any CPU
		{434D7DE1-EF8E-4B60-B3AF-105388B6237D}.Release|Any CPU.Build.0 = Release|Any CPU
		{55D7BBCB-71F6-43FA-9CBE-2A288000DC74}.Debug|Any CPU.ActiveCfg = Debug|Any CPU
		{55D7BBCB-71F6-43FA-9CBE-2A288000DC74}.Debug|Any CPU.Build.0 = Debug|Any CPU
		{55D7BBCB-71F6-43FA-9CBE-2A288000DC74}.Release|Any CPU.ActiveCfg = Release|Any CPU
		{55D7BBCB-71F6-43FA-9CBE-2A288000DC74}.Release|Any CPU.Build.0 = Release|Any CPU
	EndGlobalSection
	GlobalSection(SolutionProperties) = preSolution
		HideSolutionNode = FALSE
	EndGlobalSection
	GlobalSection(ExtensibilityGlobals) = postSolution
		SolutionGuid = {99894CEB-1EC9-4143-8B57-9B1C13E7AE06}
	EndGlobalSection
EndGlobal
